
Microsoft Visual Studio Solution File, Format Version 12.00
# Visual Studio Version 17
VisualStudioVersion = 17.5.002.0
MinimumVisualStudioVersion = 10.0.40219.1
Project("{2150E333-8FDC-42A3-9474-1A3956D46DE8}") = "csharp-prep", "csharp-prep", "{8F562F61-5147-4EBC-9AD8-8F72E004F0DA}"
EndProject
Project("{9A19103F-16F7-4668-BE54-9A1E7A4F7556}") = "Prep1", "csharp-prep\Prep1\Prep1.csproj", "{AEE7A45B-D068-4744-8B72-A91B9555D772}"
EndProject
Project("{9A19103F-16F7-4668-BE54-9A1E7A4F7556}") = "Prep2", "csharp-prep\Prep2\Prep2.csproj", "{F8DA6B22-45FB-44E1-A791-FFA4C910DE82}"
EndProject
Project("{9A19103F-16F7-4668-BE54-9A1E7A4F7556}") = "Prep3", "csharp-prep\Prep3\Prep3.csproj", "{4738AF7A-0312-4239-BCEB-67F05074202B}"
EndProject
Project("{9A19103F-16F7-4668-BE54-9A1E7A4F7556}") = "Prep4", "csharp-prep\Prep4\Prep4.csproj", "{CC243EE5-CC40-4D1F-8638-92367757BA74}"
EndProject
Project("{9A19103F-16F7-4668-BE54-9A1E7A4F7556}") = "Prep5", "csharp-prep\Prep5\Prep5.csproj", "{7EAD81EC-FD17-4433-9C4F-B055F231F20C}"
EndProject
Project("{2150E333-8FDC-42A3-9474-1A3956D46DE8}") = "final", "final", "{B3F7821B-605D-4FB1-BA9D-9E00C295407E}"
EndProject
Project("{9A19103F-16F7-4668-BE54-9A1E7A4F7556}") = "FinalProject", "final\FinalProject\FinalProject.csproj", "{2B6E9B9F-BC35-4A4E-BC84-01009C2414C6}"
EndProject
Project("{9A19103F-16F7-4668-BE54-9A1E7A4F7556}") = "Foundation1", "final\Foundation1\Foundation1.csproj", "{844240F6-6C57-4B94-A2AA-9D37F191CD97}"
EndProject
Project("{9A19103F-16F7-4668-BE54-9A1E7A4F7556}") = "Foundation2", "final\Foundation2\Foundation2.csproj", "{330CDC22-34DC-46E1-901E-1BE69738622D}"
EndProject
Project("{9A19103F-16F7-4668-BE54-9A1E7A4F7556}") = "Foundation3", "final\Foundation3\Foundation3.csproj", "{81F08784-60CF-403A-BB97-E9131F3A8375}"
EndProject
Project("{9A19103F-16F7-4668-BE54-9A1E7A4F7556}") = "Foundation4", "final\Foundation4\Foundation4.csproj", "{53AF95F8-6567-4833-8D00-E1DC820018AA}"
EndProject
Project("{2150E333-8FDC-42A3-9474-1A3956D46DE8}") = "prepare", "prepare", "{D91C799D-1908-48D2-9077-5F8E64410AE9}"
EndProject
Project("{9A19103F-16F7-4668-BE54-9A1E7A4F7556}") = "Learning02", "prepare\Learning02\Learning02.csproj", "{9D709724-5172-4B31-B381-7E6D86B33148}"
EndProject
Project("{9A19103F-16F7-4668-BE54-9A1E7A4F7556}") = "Learning03", "prepare\Learning03\Learning03.csproj", "{BE39D127-C968-4D08-9264-FB42ADE2D1F6}"
EndProject
Project("{9A19103F-16F7-4668-BE54-9A1E7A4F7556}") = "Learning04", "prepare\Learning04\Learning04.csproj", "{A30A1E67-4A9F-4B5A-902F-F2D0A6F4AEC0}"
EndProject
Project("{9A19103F-16F7-4668-BE54-9A1E7A4F7556}") = "Learning05", "prepare\Learning05\Learning05.csproj", "{11188C57-FDBB-4E47-94AD-8B879D417BE9}"
EndProject
Project("{2150E333-8FDC-42A3-9474-1A3956D46DE8}") = "prove", "prove", "{E684DC24-1A15-4BCA-A2BC-048C3F2D9F63}"
EndProject
Project("{9A19103F-16F7-4668-BE54-9A1E7A4F7556}") = "Develop02", "prove\Develop02\Develop02.csproj", "{DB32E706-AF7F-4887-AC7F-E6AD944BDCB0}"
EndProject
Project("{9A19103F-16F7-4668-BE54-9A1E7A4F7556}") = "Develop03", "prove\Develop03\Develop03.csproj", "{A4D5A8E6-047E-470C-81BF-8786E7C43106}"
EndProject
Project("{9A19103F-16F7-4668-BE54-9A1E7A4F7556}") = "Develop04", "prove\Develop04\Develop04.csproj", "{02EED87D-290E-4992-B0C5-F746D5CB00EF}"
EndProject
Project("{9A19103F-16F7-4668-BE54-9A1E7A4F7556}") = "Develop05", "prove\Develop05\Develop05.csproj", "{60B5EB08-644E-417E-9DC6-A890F3BDB259}"
EndProject
Project("{2150E333-8FDC-42A3-9474-1A3956D46DE8}") = "sandbox", "sandbox", "{87A68E97-FB71-46EE-864F-7C070B962C40}"
EndProject
Project("{9A19103F-16F7-4668-BE54-9A1E7A4F7556}") = "Sandbox", "sandbox\Sandbox\Sandbox.csproj", "{1F2C8C57-1391-46E3-80EE-FBF0C348E104}"
EndProject
Global
	GlobalSection(SolutionConfigurationPlatforms) = preSolution
		Debug|Any CPU = Debug|Any CPU
		Release|Any CPU = Release|Any CPU
	EndGlobalSection
	GlobalSection(ProjectConfigurationPlatforms) = postSolution
		{AEE7A45B-D068-4744-8B72-A91B9555D772}.Debug|Any CPU.ActiveCfg = Debug|Any CPU
		{AEE7A45B-D068-4744-8B72-A91B9555D772}.Debug|Any CPU.Build.0 = Debug|Any CPU
		{AEE7A45B-D068-4744-8B72-A91B9555D772}.Release|Any CPU.ActiveCfg = Release|Any CPU
		{AEE7A45B-D068-4744-8B72-A91B9555D772}.Release|Any CPU.Build.0 = Release|Any CPU
		{F8DA6B22-45FB-44E1-A791-FFA4C910DE82}.Debug|Any CPU.ActiveCfg = Debug|Any CPU
		{F8DA6B22-45FB-44E1-A791-FFA4C910DE82}.Debug|Any CPU.Build.0 = Debug|Any CPU
		{F8DA6B22-45FB-44E1-A791-FFA4C910DE82}.Release|Any CPU.ActiveCfg = Release|Any CPU
		{F8DA6B22-45FB-44E1-A791-FFA4C910DE82}.Release|Any CPU.Build.0 = Release|Any CPU
		{4738AF7A-0312-4239-BCEB-67F05074202B}.Debug|Any CPU.ActiveCfg = Debug|Any CPU
		{4738AF7A-0312-4239-BCEB-67F05074202B}.Debug|Any CPU.Build.0 = Debug|Any CPU
		{4738AF7A-0312-4239-BCEB-67F05074202B}.Release|Any CPU.ActiveCfg = Release|Any CPU
		{4738AF7A-0312-4239-BCEB-67F05074202B}.Release|Any CPU.Build.0 = Release|Any CPU
		{CC243EE5-CC40-4D1F-8638-92367757BA74}.Debug|Any CPU.ActiveCfg = Debug|Any CPU
		{CC243EE5-CC40-4D1F-8638-92367757BA74}.Debug|Any CPU.Build.0 = Debug|Any CPU
		{CC243EE5-CC40-4D1F-8638-92367757BA74}.Release|Any CPU.ActiveCfg = Release|Any CPU
		{CC243EE5-CC40-4D1F-8638-92367757BA74}.Release|Any CPU.Build.0 = Release|Any CPU
		{7EAD81EC-FD17-4433-9C4F-B055F231F20C}.Debug|Any CPU.ActiveCfg = Debug|Any CPU
		{7EAD81EC-FD17-4433-9C4F-B055F231F20C}.Debug|Any CPU.Build.0 = Debug|Any CPU
		{7EAD81EC-FD17-4433-9C4F-B055F231F20C}.Release|Any CPU.ActiveCfg = Release|Any CPU
		{7EAD81EC-FD17-4433-9C4F-B055F231F20C}.Release|Any CPU.Build.0 = Release|Any CPU
		{2B6E9B9F-BC35-4A4E-BC84-01009C2414C6}.Debug|Any CPU.ActiveCfg = Debug|Any CPU
		{2B6E9B9F-BC35-4A4E-BC84-01009C2414C6}.Debug|Any CPU.Build.0 = Debug|Any CPU
		{2B6E9B9F-BC35-4A4E-BC84-01009C2414C6}.Release|Any CPU.ActiveCfg = Release|Any CPU
		{2B6E9B9F-BC35-4A4E-BC84-01009C2414C6}.Release|Any CPU.Build.0 = Release|Any CPU
		{844240F6-6C57-4B94-A2AA-9D37F191CD97}.Debug|Any CPU.ActiveCfg = Debug|Any CPU
		{844240F6-6C57-4B94-A2AA-9D37F191CD97}.Debug|Any CPU.Build.0 = Debug|Any CPU
		{844240F6-6C57-4B94-A2AA-9D37F191CD97}.Release|Any CPU.ActiveCfg = Release|Any CPU
		{844240F6-6C57-4B94-A2AA-9D37F191CD97}.Release|Any CPU.Build.0 = Release|Any CPU
		{330CDC22-34DC-46E1-901E-1BE69738622D}.Debug|Any CPU.ActiveCfg = Debug|Any CPU
		{330CDC22-34DC-46E1-901E-1BE69738622D}.Debug|Any CPU.Build.0 = Debug|Any CPU
		{330CDC22-34DC-46E1-901E-1BE69738622D}.Release|Any CPU.ActiveCfg = Release|Any CPU
		{330CDC22-34DC-46E1-901E-1BE69738622D}.Release|Any CPU.Build.0 = Release|Any CPU
		{81F08784-60CF-403A-BB97-E9131F3A8375}.Debug|Any CPU.ActiveCfg = Debug|Any CPU
		{81F08784-60CF-403A-BB97-E9131F3A8375}.Debug|Any CPU.Build.0 = Debug|Any CPU
		{81F08784-60CF-403A-BB97-E9131F3A8375}.Release|Any CPU.ActiveCfg = Release|Any CPU
		{81F08784-60CF-403A-BB97-E9131F3A8375}.Release|Any CPU.Build.0 = Release|Any CPU
		{53AF95F8-6567-4833-8D00-E1DC820018AA}.Debug|Any CPU.ActiveCfg = Debug|Any CPU
		{53AF95F8-6567-4833-8D00-E1DC820018AA}.Debug|Any CPU.Build.0 = Debug|Any CPU
		{53AF95F8-6567-4833-8D00-E1DC820018AA}.Release|Any CPU.ActiveCfg = Release|Any CPU
		{53AF95F8-6567-4833-8D00-E1DC820018AA}.Release|Any CPU.Build.0 = Release|Any CPU
		{9D709724-5172-4B31-B381-7E6D86B33148}.Debug|Any CPU.ActiveCfg = Debug|Any CPU
		{9D709724-5172-4B31-B381-7E6D86B33148}.Debug|Any CPU.Build.0 = Debug|Any CPU
		{9D709724-5172-4B31-B381-7E6D86B33148}.Release|Any CPU.ActiveCfg = Release|Any CPU
		{9D709724-5172-4B31-B381-7E6D86B33148}.Release|Any CPU.Build.0 = Release|Any CPU
		{BE39D127-C968-4D08-9264-FB42ADE2D1F6}.Debug|Any CPU.ActiveCfg = Debug|Any CPU
		{BE39D127-C968-4D08-9264-FB42ADE2D1F6}.Debug|Any CPU.Build.0 = Debug|Any CPU
		{BE39D127-C968-4D08-9264-FB42ADE2D1F6}.Release|Any CPU.ActiveCfg = Release|Any CPU
		{BE39D127-C968-4D08-9264-FB42ADE2D1F6}.Release|Any CPU.Build.0 = Release|Any CPU
		{A30A1E67-4A9F-4B5A-902F-F2D0A6F4AEC0}.Debug|Any CPU.ActiveCfg = Debug|Any CPU
		{A30A1E67-4A9F-4B5A-902F-F2D0A6F4AEC0}.Debug|Any CPU.Build.0 = Debug|Any CPU
		{A30A1E67-4A9F-4B5A-902F-F2D0A6F4AEC0}.Release|Any CPU.ActiveCfg = Release|Any CPU
		{A30A1E67-4A9F-4B5A-902F-F2D0A6F4AEC0}.Release|Any CPU.Build.0 = Release|Any CPU
		{11188C57-FDBB-4E47-94AD-8B879D417BE9}.Debug|Any CPU.ActiveCfg = Debug|Any CPU
		{11188C57-FDBB-4E47-94AD-8B879D417BE9}.Debug|Any CPU.Build.0 = Debug|Any CPU
		{11188C57-FDBB-4E47-94AD-8B879D417BE9}.Release|Any CPU.ActiveCfg = Release|Any CPU
		{11188C57-FDBB-4E47-94AD-8B879D417BE9}.Release|Any CPU.Build.0 = Release|Any CPU
		{DB32E706-AF7F-4887-AC7F-E6AD944BDCB0}.Debug|Any CPU.ActiveCfg = Debug|Any CPU
		{DB32E706-AF7F-4887-AC7F-E6AD944BDCB0}.Debug|Any CPU.Build.0 = Debug|Any CPU
		{DB32E706-AF7F-4887-AC7F-E6AD944BDCB0}.Release|Any CPU.ActiveCfg = Release|Any CPU
		{DB32E706-AF7F-4887-AC7F-E6AD944BDCB0}.Release|Any CPU.Build.0 = Release|Any CPU
		{A4D5A8E6-047E-470C-81BF-8786E7C43106}.Debug|Any CPU.ActiveCfg = Debug|Any CPU
		{A4D5A8E6-047E-470C-81BF-8786E7C43106}.Debug|Any CPU.Build.0 = Debug|Any CPU
		{A4D5A8E6-047E-470C-81BF-8786E7C43106}.Release|Any CPU.ActiveCfg = Release|Any CPU
		{A4D5A8E6-047E-470C-81BF-8786E7C43106}.Release|Any CPU.Build.0 = Release|Any CPU
		{02EED87D-290E-4992-B0C5-F746D5CB00EF}.Debug|Any CPU.ActiveCfg = Debug|Any CPU
		{02EED87D-290E-4992-B0C5-F746D5CB00EF}.Debug|Any CPU.Build.0 = Debug|Any CPU
		{02EED87D-290E-4992-B0C5-F746D5CB00EF}.Release|Any CPU.ActiveCfg = Release|Any CPU
		{02EED87D-290E-4992-B0C5-F746D5CB00EF}.Release|Any CPU.Build.0 = Release|Any CPU
		{60B5EB08-644E-417E-9DC6-A890F3BDB259}.Debug|Any CPU.ActiveCfg = Debug|Any CPU
		{60B5EB08-644E-417E-9DC6-A890F3BDB259}.Debug|Any CPU.Build.0 = Debug|Any CPU
		{60B5EB08-644E-417E-9DC6-A890F3BDB259}.Release|Any CPU.ActiveCfg = Release|Any CPU
		{60B5EB08-644E-417E-9DC6-A890F3BDB259}.Release|Any CPU.Build.0 = Release|Any CPU
		{1F2C8C57-1391-46E3-80EE-FBF0C348E104}.Debug|Any CPU.ActiveCfg = Debug|Any CPU
		{1F2C8C57-1391-46E3-80EE-FBF0C348E104}.Debug|Any CPU.Build.0 = Debug|Any CPU
		{1F2C8C57-1391-46E3-80EE-FBF0C348E104}.Release|Any CPU.ActiveCfg = Release|Any CPU
		{1F2C8C57-1391-46E3-80EE-FBF0C348E104}.Release|Any CPU.Build.0 = Release|Any CPU
	EndGlobalSection
	GlobalSection(SolutionProperties) = preSolution
		HideSolutionNode = FALSE
	EndGlobalSection
	GlobalSection(NestedProjects) = preSolution
		{AEE7A45B-D068-4744-8B72-A91B9555D772} = {8F562F61-5147-4EBC-9AD8-8F72E004F0DA}
		{F8DA6B22-45FB-44E1-A791-FFA4C910DE82} = {8F562F61-5147-4EBC-9AD8-8F72E004F0DA}
		{4738AF7A-0312-4239-BCEB-67F05074202B} = {8F562F61-5147-4EBC-9AD8-8F72E004F0DA}
		{CC243EE5-CC40-4D1F-8638-92367757BA74} = {8F562F61-5147-4EBC-9AD8-8F72E004F0DA}
		{7EAD81EC-FD17-4433-9C4F-B055F231F20C} = {8F562F61-5147-4EBC-9AD8-8F72E004F0DA}
		{2B6E9B9F-BC35-4A4E-BC84-01009C2414C6} = {B3F7821B-605D-4FB1-BA9D-9E00C295407E}
		{844240F6-6C57-4B94-A2AA-9D37F191CD97} = {B3F7821B-605D-4FB1-BA9D-9E00C295407E}
		{330CDC22-34DC-46E1-901E-1BE69738622D} = {B3F7821B-605D-4FB1-BA9D-9E00C295407E}
		{81F08784-60CF-403A-BB97-E9131F3A8375} = {B3F7821B-605D-4FB1-BA9D-9E00C295407E}
		{53AF95F8-6567-4833-8D00-E1DC820018AA} = {B3F7821B-605D-4FB1-BA9D-9E00C295407E}
		{9D709724-5172-4B31-B381-7E6D86B33148} = {D91C799D-1908-48D2-9077-5F8E64410AE9}
		{BE39D127-C968-4D08-9264-FB42ADE2D1F6} = {D91C799D-1908-48D2-9077-5F8E64410AE9}
		{A30A1E67-4A9F-4B5A-902F-F2D0A6F4AEC0} = {D91C799D-1908-48D2-9077-5F8E64410AE9}
		{11188C57-FDBB-4E47-94AD-8B879D417BE9} = {D91C799D-1908-48D2-9077-5F8E64410AE9}
		{DB32E706-AF7F-4887-AC7F-E6AD944BDCB0} = {E684DC24-1A15-4BCA-A2BC-048C3F2D9F63}
		{A4D5A8E6-047E-470C-81BF-8786E7C43106} = {E684DC24-1A15-4BCA-A2BC-048C3F2D9F63}
		{02EED87D-290E-4992-B0C5-F746D5CB00EF} = {E684DC24-1A15-4BCA-A2BC-048C3F2D9F63}
		{60B5EB08-644E-417E-9DC6-A890F3BDB259} = {E684DC24-1A15-4BCA-A2BC-048C3F2D9F63}
		{1F2C8C57-1391-46E3-80EE-FBF0C348E104} = {87A68E97-FB71-46EE-864F-7C070B962C40}
	EndGlobalSection
	GlobalSection(ExtensibilityGlobals) = postSolution
		SolutionGuid = {FE0241D3-AAE0-44FB-BE71-9D22BD89DBE9}
	EndGlobalSection
EndGlobal
